
Microsoft Visual Studio Solution File, Format Version 12.00
# Visual Studio Version 17
VisualStudioVersion = 17.4.33110.190
MinimumVisualStudioVersion = 10.0.40219.1
Project("{9A19103F-16F7-4668-BE54-9A1E7A4F7556}") = "NexxLogic.BlobConfiguration.AspNetCore", "src\NexxLogic.BlobConfiguration.AspNetCore\NexxLogic.BlobConfiguration.AspNetCore.csproj", "{4A4EAECE-F67D-40E7-8AAD-EB9CE59AE3CE}"
EndProject
Project("{2150E333-8FDC-42A3-9474-1A3956D46DE8}") = "src", "src", "{55C8CADD-C9B0-41B5-9AFE-49EF23F68CC1}"
EndProject
Project("{2150E333-8FDC-42A3-9474-1A3956D46DE8}") = "tests", "tests", "{A558FC7B-71A3-4A78-8400-B38074BD083C}"
EndProject
Project("{9A19103F-16F7-4668-BE54-9A1E7A4F7556}") = "NexxLogic.BlobConfiguration.AspNetCore.Tests", "tests\NexxLogic.BlobConfiguration.AspNetCore.Tests\NexxLogic.BlobConfiguration.AspNetCore.Tests.csproj", "{838FEC78-9AFD-45A5-A307-6D9A485A6887}"
EndProject
Project("{2150E333-8FDC-42A3-9474-1A3956D46DE8}") = "example", "example", "{5E3BA63F-F7D4-49D6-91A6-08A6C9304DC1}"
EndProject
Project("{FAE04EC0-301F-11D3-BF4B-00C04F79EFBC}") = "ExampleApi", "example\ExampleApi\ExampleApi.csproj", "{41A8D7F4-0270-4C69-8103-AB120426F755}"
EndProject
Project("{2150E333-8FDC-42A3-9474-1A3956D46DE8}") = "solution", "solution", "{06A5ABBF-5B2E-4FB1-B23F-43FD589F6C69}"
	ProjectSection(SolutionItems) = preProject
		.github\workflows\ci.yml = .github\workflows\ci.yml
		.github\workflows\release.yml = .github\workflows\release.yml
		.gitignore = .gitignore
	EndProjectSection
EndProject
Global
	GlobalSection(SolutionConfigurationPlatforms) = preSolution
		Debug|Any CPU = Debug|Any CPU
		Release|Any CPU = Release|Any CPU
	EndGlobalSection
	GlobalSection(ProjectConfigurationPlatforms) = postSolution
		{4A4EAECE-F67D-40E7-8AAD-EB9CE59AE3CE}.Debug|Any CPU.ActiveCfg = Debug|Any CPU
		{4A4EAECE-F67D-40E7-8AAD-EB9CE59AE3CE}.Debug|Any CPU.Build.0 = Debug|Any CPU
		{4A4EAECE-F67D-40E7-8AAD-EB9CE59AE3CE}.Release|Any CPU.ActiveCfg = Release|Any CPU
		{4A4EAECE-F67D-40E7-8AAD-EB9CE59AE3CE}.Release|Any CPU.Build.0 = Release|Any CPU
		{838FEC78-9AFD-45A5-A307-6D9A485A6887}.Debug|Any CPU.ActiveCfg = Debug|Any CPU
		{838FEC78-9AFD-45A5-A307-6D9A485A6887}.Debug|Any CPU.Build.0 = Debug|Any CPU
		{838FEC78-9AFD-45A5-A307-6D9A485A6887}.Release|Any CPU.ActiveCfg = Release|Any CPU
		{838FEC78-9AFD-45A5-A307-6D9A485A6887}.Release|Any CPU.Build.0 = Release|Any CPU
		{41A8D7F4-0270-4C69-8103-AB120426F755}.Debug|Any CPU.ActiveCfg = Debug|Any CPU
		{41A8D7F4-0270-4C69-8103-AB120426F755}.Debug|Any CPU.Build.0 = Debug|Any CPU
		{41A8D7F4-0270-4C69-8103-AB120426F755}.Release|Any CPU.ActiveCfg = Release|Any CPU
		{41A8D7F4-0270-4C69-8103-AB120426F755}.Release|Any CPU.Build.0 = Release|Any CPU
	EndGlobalSection
	GlobalSection(SolutionProperties) = preSolution
		HideSolutionNode = FALSE
	EndGlobalSection
	GlobalSection(NestedProjects) = preSolution
		{4A4EAECE-F67D-40E7-8AAD-EB9CE59AE3CE} = {55C8CADD-C9B0-41B5-9AFE-49EF23F68CC1}
		{838FEC78-9AFD-45A5-A307-6D9A485A6887} = {A558FC7B-71A3-4A78-8400-B38074BD083C}
		{41A8D7F4-0270-4C69-8103-AB120426F755} = {5E3BA63F-F7D4-49D6-91A6-08A6C9304DC1}
	EndGlobalSection
	GlobalSection(ExtensibilityGlobals) = postSolution
		SolutionGuid = {AFBCD3ED-E232-4B55-98F4-DAFBAFA9FB14}
	EndGlobalSection
EndGlobal
